// !$*UTF8*$!
{
	archiveVersion = 1;
	classes = {
	};
	objectVersion = 46;
	objects = {

/* Begin PBXBuildFile section */
		F47A363F19E3EDDB00EBC9A3 /* AppDelegate.swift in Sources */ = {isa = PBXBuildFile; fileRef = F47A363E19E3EDDB00EBC9A3 /* AppDelegate.swift */; };
		F47A364119E3EDDB00EBC9A3 /* ViewController.swift in Sources */ = {isa = PBXBuildFile; fileRef = F47A364019E3EDDB00EBC9A3 /* ViewController.swift */; };
		F47A364419E3EDDB00EBC9A3 /* Main.storyboard in Resources */ = {isa = PBXBuildFile; fileRef = F47A364219E3EDDB00EBC9A3 /* Main.storyboard */; };
		F47A364619E3EDDB00EBC9A3 /* Images.xcassets in Resources */ = {isa = PBXBuildFile; fileRef = F47A364519E3EDDB00EBC9A3 /* Images.xcassets */; };
		F47A364919E3EDDB00EBC9A3 /* LaunchScreen.xib in Resources */ = {isa = PBXBuildFile; fileRef = F47A364719E3EDDB00EBC9A3 /* LaunchScreen.xib */; };
		F47A365519E3EDDB00EBC9A3 /* PostcardTests.swift in Sources */ = {isa = PBXBuildFile; fileRef = F47A365419E3EDDB00EBC9A3 /* PostcardTests.swift */; };
		F47AD94A19E8E95D0067F7B4 /* SagradaFamilia.jpeg in Resources */ = {isa = PBXBuildFile; fileRef = F47AD94919E8E95D0067F7B4 /* SagradaFamilia.jpeg */; };
		F47AD94C19E8F0580067F7B4 /* AlbertEinsteinStamp.jpg in Resources */ = {isa = PBXBuildFile; fileRef = F47AD94B19E8F0580067F7B4 /* AlbertEinsteinStamp.jpg */; };
/* End PBXBuildFile section */

/* Begin PBXContainerItemProxy section */
		F47A364F19E3EDDB00EBC9A3 /* PBXContainerItemProxy */ = {
			isa = PBXContainerItemProxy;
			containerPortal = F47A363119E3EDDB00EBC9A3 /* Project object */;
			proxyType = 1;
			remoteGlobalIDString = F47A363819E3EDDB00EBC9A3;
			remoteInfo = Postcard;
		};
/* End PBXContainerItemProxy section */

/* Begin PBXFileReference section */
		F47A363919E3EDDB00EBC9A3 /* Postcard.app */ = {isa = PBXFileReference; explicitFileType = wrapper.application; includeInIndex = 0; path = Postcard.app; sourceTree = BUILT_PRODUCTS_DIR; };
		F47A363D19E3EDDB00EBC9A3 /* Info.plist */ = {isa = PBXFileReference; lastKnownFileType = text.plist.xml; path = Info.plist; sourceTree = "<group>"; };
		F47A363E19E3EDDB00EBC9A3 /* AppDelegate.swift */ = {isa = PBXFileReference; lastKnownFileType = sourcecode.swift; path = AppDelegate.swift; sourceTree = "<group>"; };
		F47A364019E3EDDB00EBC9A3 /* ViewController.swift */ = {isa = PBXFileReference; lastKnownFileType = sourcecode.swift; path = ViewController.swift; sourceTree = "<group>"; };
		F47A364319E3EDDB00EBC9A3 /* Base */ = {isa = PBXFileReference; lastKnownFileType = file.storyboard; name = Base; path = Base.lproj/Main.storyboard; sourceTree = "<group>"; };
		F47A364519E3EDDB00EBC9A3 /* Images.xcassets */ = {isa = PBXFileReference; lastKnownFileType = folder.assetcatalog; path = Images.xcassets; sourceTree = "<group>"; };
		F47A364819E3EDDB00EBC9A3 /* Base */ = {isa = PBXFileReference; lastKnownFileType = file.xib; name = Base; path = Base.lproj/LaunchScreen.xib; sourceTree = "<group>"; };
		F47A364E19E3EDDB00EBC9A3 /* PostcardTests.xctest */ = {isa = PBXFileReference; explicitFileType = wrapper.cfbundle; includeInIndex = 0; path = PostcardTests.xctest; sourceTree = BUILT_PRODUCTS_DIR; };
		F47A365319E3EDDB00EBC9A3 /* Info.plist */ = {isa = PBXFileReference; lastKnownFileType = text.plist.xml; path = Info.plist; sourceTree = "<group>"; };
		F47A365419E3EDDB00EBC9A3 /* PostcardTests.swift */ = {isa = PBXFileReference; lastKnownFileType = sourcecode.swift; path = PostcardTests.swift; sourceTree = "<group>"; };
		F47AD94919E8E95D0067F7B4 /* SagradaFamilia.jpeg */ = {isa = PBXFileReference; lastKnownFileType = image.jpeg; path = SagradaFamilia.jpeg; sourceTree = "<group>"; };
		F47AD94B19E8F0580067F7B4 /* AlbertEinsteinStamp.jpg */ = {isa = PBXFileReference; lastKnownFileType = image.jpeg; path = AlbertEinsteinStamp.jpg; sourceTree = "<group>"; };
/* End PBXFileReference section */

/* Begin PBXFrameworksBuildPhase section */
		F47A363619E3EDDB00EBC9A3 /* Frameworks */ = {
			isa = PBXFrameworksBuildPhase;
			buildActionMask = 2147483647;
			files = (
			);
			runOnlyForDeploymentPostprocessing = 0;
		};
		F47A364B19E3EDDB00EBC9A3 /* Frameworks */ = {
			isa = PBXFrameworksBuildPhase;
			buildActionMask = 2147483647;
			files = (
			);
			runOnlyForDeploymentPostprocessing = 0;
		};
/* End PBXFrameworksBuildPhase section */

/* Begin PBXGroup section */
		F47A363019E3EDDB00EBC9A3 = {
			isa = PBXGroup;
			children = (
				F47A363B19E3EDDB00EBC9A3 /* Postcard */,
				F47A365119E3EDDB00EBC9A3 /* PostcardTests */,
				F47A363A19E3EDDB00EBC9A3 /* Products */,
			);
			sourceTree = "<group>";
		};
		F47A363A19E3EDDB00EBC9A3 /* Products */ = {
			isa = PBXGroup;
			children = (
				F47A363919E3EDDB00EBC9A3 /* Postcard.app */,
				F47A364E19E3EDDB00EBC9A3 /* PostcardTests.xctest */,
			);
			name = Products;
			sourceTree = "<group>";
		};
		F47A363B19E3EDDB00EBC9A3 /* Postcard */ = {
			isa = PBXGroup;
			children = (
				F47A363E19E3EDDB00EBC9A3 /* AppDelegate.swift */,
				F47A364019E3EDDB00EBC9A3 /* ViewController.swift */,
				F47A364219E3EDDB00EBC9A3 /* Main.storyboard */,
				F47A364519E3EDDB00EBC9A3 /* Images.xcassets */,
				F47A364719E3EDDB00EBC9A3 /* LaunchScreen.xib */,
				F47A363C19E3EDDB00EBC9A3 /* Supporting Files */,
			);
			path = Postcard;
			sourceTree = "<group>";
		};
		F47A363C19E3EDDB00EBC9A3 /* Supporting Files */ = {
			isa = PBXGroup;
			children = (
				F47AD94B19E8F0580067F7B4 /* AlbertEinsteinStamp.jpg */,
				F47AD94919E8E95D0067F7B4 /* SagradaFamilia.jpeg */,
				F47A363D19E3EDDB00EBC9A3 /* Info.plist */,
			);
			name = "Supporting Files";
			sourceTree = "<group>";
		};
		F47A365119E3EDDB00EBC9A3 /* PostcardTests */ = {
			isa = PBXGroup;
			children = (
				F47A365419E3EDDB00EBC9A3 /* PostcardTests.swift */,
				F47A365219E3EDDB00EBC9A3 /* Supporting Files */,
			);
			path = PostcardTests;
			sourceTree = "<group>";
		};
		F47A365219E3EDDB00EBC9A3 /* Supporting Files */ = {
			isa = PBXGroup;
			children = (
				F47A365319E3EDDB00EBC9A3 /* Info.plist */,
			);
			name = "Supporting Files";
			sourceTree = "<group>";
		};
/* End PBXGroup section */

/* Begin PBXNativeTarget section */
		F47A363819E3EDDB00EBC9A3 /* Postcard */ = {
			isa = PBXNativeTarget;
			buildConfigurationList = F47A365819E3EDDC00EBC9A3 /* Build configuration list for PBXNativeTarget "Postcard" */;
			buildPhases = (
				F47A363519E3EDDB00EBC9A3 /* Sources */,
				F47A363619E3EDDB00EBC9A3 /* Frameworks */,
				F47A363719E3EDDB00EBC9A3 /* Resources */,
			);
			buildRules = (
			);
			dependencies = (
			);
			name = Postcard;
			productName = Postcard;
			productReference = F47A363919E3EDDB00EBC9A3 /* Postcard.app */;
			productType = "com.apple.product-type.application";
		};
		F47A364D19E3EDDB00EBC9A3 /* PostcardTests */ = {
			isa = PBXNativeTarget;
			buildConfigurationList = F47A365B19E3EDDC00EBC9A3 /* Build configuration list for PBXNativeTarget "PostcardTests" */;
			buildPhases = (
				F47A364A19E3EDDB00EBC9A3 /* Sources */,
				F47A364B19E3EDDB00EBC9A3 /* Frameworks */,
				F47A364C19E3EDDB00EBC9A3 /* Resources */,
			);
			buildRules = (
			);
			dependencies = (
				F47A365019E3EDDB00EBC9A3 /* PBXTargetDependency */,
			);
			name = PostcardTests;
			productName = PostcardTests;
			productReference = F47A364E19E3EDDB00EBC9A3 /* PostcardTests.xctest */;
			productType = "com.apple.product-type.bundle.unit-test";
		};
/* End PBXNativeTarget section */

/* Begin PBXProject section */
		F47A363119E3EDDB00EBC9A3 /* Project object */ = {
			isa = PBXProject;
			attributes = {
				LastUpgradeCheck = 0600;
				ORGANIZATIONNAME = Creativebrand;
				TargetAttributes = {
					F47A363819E3EDDB00EBC9A3 = {
						CreatedOnToolsVersion = 6.0.1;
					};
					F47A364D19E3EDDB00EBC9A3 = {
						CreatedOnToolsVersion = 6.0.1;
						TestTargetID = F47A363819E3EDDB00EBC9A3;
					};
				};
			};
			buildConfigurationList = F47A363419E3EDDB00EBC9A3 /* Build configuration list for PBXProject "Postcard" */;
			compatibilityVersion = "Xcode 3.2";
			developmentRegion = English;
			hasScannedForEncodings = 0;
			knownRegions = (
				en,
				Base,
			);
			mainGroup = F47A363019E3EDDB00EBC9A3;
			productRefGroup = F47A363A19E3EDDB00EBC9A3 /* Products */;
			projectDirPath = "";
			projectRoot = "";
			targets = (
				F47A363819E3EDDB00EBC9A3 /* Postcard */,
				F47A364D19E3EDDB00EBC9A3 /* PostcardTests */,
			);
		};
/* End PBXProject section */

/* Begin PBXResourcesBuildPhase section */
		F47A363719E3EDDB00EBC9A3 /* Resources */ = {
			isa = PBXResourcesBuildPhase;
			buildActionMask = 2147483647;
			files = (
				F47A364419E3EDDB00EBC9A3 /* Main.storyboard in Resources */,
				F47A364919E3EDDB00EBC9A3 /* LaunchScreen.xib in Resources */,
				F47AD94C19E8F0580067F7B4 /* AlbertEinsteinStamp.jpg in Resources */,
				F47A364619E3EDDB00EBC9A3 /* Images.xcassets in Resources */,
				F47AD94A19E8E95D0067F7B4 /* SagradaFamilia.jpeg in Resources */,
			);
			runOnlyForDeploymentPostprocessing = 0;
		};
		F47A364C19E3EDDB00EBC9A3 /* Resources */ = {
			isa = PBXResourcesBuildPhase;
			buildActionMask = 2147483647;
			files = (
			);
			runOnlyForDeploymentPostprocessing = 0;
		};
/* End PBXResourcesBuildPhase section */

/* Begin PBXSourcesBuildPhase section */
		F47A363519E3EDDB00EBC9A3 /* Sources */ = {
			isa = PBXSourcesBuildPhase;
			buildActionMask = 2147483647;
			files = (
				F47A364119E3EDDB00EBC9A3 /* ViewController.swift in Sources */,
				F47A363F19E3EDDB00EBC9A3 /* AppDelegate.swift in Sources */,
			);
			runOnlyForDeploymentPostprocessing = 0;
		};
		F47A364A19E3EDDB00EBC9A3 /* Sources */ = {
			isa = PBXSourcesBuildPhase;
			buildActionMask = 2147483647;
			files = (
				F47A365519E3EDDB00EBC9A3 /* PostcardTests.swift in Sources */,
			);
			runOnlyForDeploymentPostprocessing = 0;
		};
/* End PBXSourcesBuildPhase section */

/* Begin PBXTargetDependency section */
		F47A365019E3EDDB00EBC9A3 /* PBXTargetDependency */ = {
			isa = PBXTargetDependency;
			target = F47A363819E3EDDB00EBC9A3 /* Postcard */;
			targetProxy = F47A364F19E3EDDB00EBC9A3 /* PBXContainerItemProxy */;
		};
/* End PBXTargetDependency section */

/* Begin PBXVariantGroup section */
		F47A364219E3EDDB00EBC9A3 /* Main.storyboard */ = {
			isa = PBXVariantGroup;
			children = (
				F47A364319E3EDDB00EBC9A3 /* Base */,
			);
			name = Main.storyboard;
			sourceTree = "<group>";
		};
		F47A364719E3EDDB00EBC9A3 /* LaunchScreen.xib */ = {
			isa = PBXVariantGroup;
			children = (
				F47A364819E3EDDB00EBC9A3 /* Base */,
			);
			name = LaunchScreen.xib;
			sourceTree = "<group>";
		};
/* End PBXVariantGroup section */

/* Begin XCBuildConfiguration section */
		F47A365619E3EDDC00EBC9A3 /* Debug */ = {
			isa = XCBuildConfiguration;
			buildSettings = {
				ALWAYS_SEARCH_USER_PATHS = NO;
				CLANG_CXX_LANGUAGE_STANDARD = "gnu++0x";
				CLANG_CXX_LIBRARY = "libc++";
				CLANG_ENABLE_MODULES = YES;
				CLANG_ENABLE_OBJC_ARC = YES;
				CLANG_WARN_BOOL_CONVERSION = YES;
				CLANG_WARN_CONSTANT_CONVERSION = YES;
				CLANG_WARN_DIRECT_OBJC_ISA_USAGE = YES_ERROR;
				CLANG_WARN_EMPTY_BODY = YES;
				CLANG_WARN_ENUM_CONVERSION = YES;
				CLANG_WARN_INT_CONVERSION = YES;
				CLANG_WARN_OBJC_ROOT_CLASS = YES_ERROR;
				CLANG_WARN_UNREACHABLE_CODE = YES;
				CLANG_WARN__DUPLICATE_METHOD_MATCH = YES;
				"CODE_SIGN_IDENTITY[sdk=iphoneos*]" = "iPhone Developer";
				COPY_PHASE_STRIP = NO;
				ENABLE_STRICT_OBJC_MSGSEND = YES;
				GCC_C_LANGUAGE_STANDARD = gnu99;
				GCC_DYNAMIC_NO_PIC = NO;
				GCC_OPTIMIZATION_LEVEL = 0;
				GCC_PREPROCESSOR_DEFINITIONS = (
					"DEBUG=1",
					"$(inherited)",
				);
				GCC_SYMBOLS_PRIVATE_EXTERN = NO;
				GCC_WARN_64_TO_32_BIT_CONVERSION = YES;
				GCC_WARN_ABOUT_RETURN_TYPE = YES_ERROR;
				GCC_WARN_UNDECLARED_SELECTOR = YES;
				GCC_WARN_UNINITIALIZED_AUTOS = YES_AGGRESSIVE;
				GCC_WARN_UNUSED_FUNCTION = YES;
				GCC_WARN_UNUSED_VARIABLE = YES;
				IPHONEOS_DEPLOYMENT_TARGET = 8.0;
				MTL_ENABLE_DEBUG_INFO = YES;
				ONLY_ACTIVE_ARCH = YES;
				SDKROOT = iphoneos;
				SWIFT_OPTIMIZATION_LEVEL = "-Onone";
				TARGETED_DEVICE_FAMILY = "1,2";
			};
			name = Debug;
		};
		F47A365719E3EDDC00EBC9A3 /* Release */ = {
			isa = XCBuildConfiguration;
			buildSettings = {
				ALWAYS_SEARCH_USER_PATHS = NO;
				CLANG_CXX_LANGUAGE_STANDARD = "gnu++0x";
				CLANG_CXX_LIBRARY = "libc++";
				CLANG_ENABLE_MODULES = YES;
				CLANG_ENABLE_OBJC_ARC = YES;
				CLANG_WARN_BOOL_CONVERSION = YES;
				CLANG_WARN_CONSTANT_CONVERSION = YES;
				CLANG_WARN_DIRECT_OBJC_ISA_USAGE = YES_ERROR;
				CLANG_WARN_EMPTY_BODY = YES;
				CLANG_WARN_ENUM_CONVERSION = YES;
				CLANG_WARN_INT_CONVERSION = YES;
				CLANG_WARN_OBJC_ROOT_CLASS = YES_ERROR;
				CLANG_WARN_UNREACHABLE_CODE = YES;
				CLANG_WARN__DUPLICATE_METHOD_MATCH = YES;
				"CODE_SIGN_IDENTITY[sdk=iphoneos*]" = "iPhone Developer";
				COPY_PHASE_STRIP = YES;
				ENABLE_NS_ASSERTIONS = NO;
				ENABLE_STRICT_OBJC_MSGSEND = YES;
				GCC_C_LANGUAGE_STANDARD = gnu99;
				GCC_WARN_64_TO_32_BIT_CONVERSION = YES;
				GCC_WARN_ABOUT_RETURN_TYPE = YES_ERROR;
				GCC_WARN_UNDECLARED_SELECTOR = YES;
				GCC_WARN_UNINITIALIZED_AUTOS = YES_AGGRESSIVE;
				GCC_WARN_UNUSED_FUNCTION = YES;
				GCC_WARN_UNUSED_VARIABLE = YES;
				IPHONEOS_DEPLOYMENT_TARGET = 8.0;
				MTL_ENABLE_DEBUG_INFO = NO;
				SDKROOT = iphoneos;
				TARGETED_DEVICE_FAMILY = "1,2";
				VALIDATE_PRODUCT = YES;
			};
			name = Release;
		};
		F47A365919E3EDDC00EBC9A3 /* Debug */ = {
			isa = XCBuildConfiguration;
			buildSettings = {
				ASSETCATALOG_COMPILER_APPICON_NAME = AppIcon;
				INFOPLIST_FILE = Postcard/Info.plist;
				LD_RUNPATH_SEARCH_PATHS = "$(inherited) @executable_path/Frameworks";
				PRODUCT_NAME = "$(TARGET_NAME)";
			};
			name = Debug;
		};
		F47A365A19E3EDDC00EBC9A3 /* Release */ = {
			isa = XCBuildConfiguration;
			buildSettings = {
				ASSETCATALOG_COMPILER_APPICON_NAME = AppIcon;
				INFOPLIST_FILE = Postcard/Info.plist;
				LD_RUNPATH_SEARCH_PATHS = "$(inherited) @executable_path/Frameworks";
				PRODUCT_NAME = "$(TARGET_NAME)";
			};
			name = Release;
		};
		F47A365C19E3EDDC00EBC9A3 /* Debug */ = {
			isa = XCBuildConfiguration;
			buildSettings = {
				BUNDLE_LOADER = "$(TEST_HOST)";
				FRAMEWORK_SEARCH_PATHS = (
					"$(SDKROOT)/Developer/Library/Frameworks",
					"$(inherited)",
				);
				GCC_PREPROCESSOR_DEFINITIONS = (
					"DEBUG=1",
					"$(inherited)",
				);
				INFOPLIST_FILE = PostcardTests/Info.plist;
				LD_RUNPATH_SEARCH_PATHS = "$(inherited) @executable_path/Frameworks @loader_path/Frameworks";
				PRODUCT_NAME = "$(TARGET_NAME)";
				TEST_HOST = "$(BUILT_PRODUCTS_DIR)/Postcard.app/Postcard";
			};
			name = Debug;
		};
		F47A365D19E3EDDC00EBC9A3 /* Release */ = {
			isa = XCBuildConfiguration;
			buildSettings = {
				BUNDLE_LOADER = "$(TEST_HOST)";
				FRAMEWORK_SEARCH_PATHS = (
					"$(SDKROOT)/Developer/Library/Frameworks",
					"$(inherited)",
				);
				INFOPLIST_FILE = PostcardTests/Info.plist;
				LD_RUNPATH_SEARCH_PATHS = "$(inherited) @executable_path/Frameworks @loader_path/Frameworks";
				PRODUCT_NAME = "$(TARGET_NAME)";
				TEST_HOST = "$(BUILT_PRODUCTS_DIR)/Postcard.app/Postcard";
			};
			name = Release;
		};
/* End XCBuildConfiguration section */

/* Begin XCConfigurationList section */
		F47A363419E3EDDB00EBC9A3 /* Build configuration list for PBXProject "Postcard" */ = {
			isa = XCConfigurationList;
			buildConfigurations = (
				F47A365619E3EDDC00EBC9A3 /* Debug */,
				F47A365719E3EDDC00EBC9A3 /* Release */,
			);
			defaultConfigurationIsVisible = 0;
			defaultConfigurationName = Release;
		};
		F47A365819E3EDDC00EBC9A3 /* Build configuration list for PBXNativeTarget "Postcard" */ = {
			isa = XCConfigurationList;
			buildConfigurations = (
				F47A365919E3EDDC00EBC9A3 /* Debug */,
				F47A365A19E3EDDC00EBC9A3 /* Release */,
			);
			defaultConfigurationIsVisible = 0;
			defaultConfigurationName = Release;
		};
		F47A365B19E3EDDC00EBC9A3 /* Build configuration list for PBXNativeTarget "PostcardTests" */ = {
			isa = XCConfigurationList;
			buildConfigurations = (
				F47A365C19E3EDDC00EBC9A3 /* Debug */,
				F47A365D19E3EDDC00EBC9A3 /* Release */,
			);
			defaultConfigurationIsVisible = 0;
			defaultConfigurationName = Release;
		};
/* End XCConfigurationList section */
	};
	rootObject = F47A363119E3EDDB00EBC9A3 /* Project object */;
}
